
Microsoft Visual Studio Solution File, Format Version 12.00
# Visual Studio Version 16
VisualStudioVersion = 16.0.29020.237
MinimumVisualStudioVersion = 10.0.40219.1
Project("{FAE04EC0-301F-11D3-BF4B-00C04F79EFBC}") = "MyExample", "MyExample\MyExample.csproj", "{8D34A93C-C415-44B4-B19F-4923EFB4D3B0}"
EndProject
Project("{FAE04EC0-301F-11D3-BF4B-00C04F79EFBC}") = "WebApi", "WebApi\WebApi.csproj", "{56322940-9720-4008-AA13-61B02D1BAF81}"
EndProject
Project("{FAE04EC0-301F-11D3-BF4B-00C04F79EFBC}") = "Model", "Model\Model.csproj", "{1B6248E8-4BC2-4929-8D9E-35FE1EA60D67}"
EndProject
Global
	GlobalSection(SolutionConfigurationPlatforms) = preSolution
		Debug|Any CPU = Debug|Any CPU
		Release|Any CPU = Release|Any CPU
	EndGlobalSection
	GlobalSection(ProjectConfigurationPlatforms) = postSolution
		{8D34A93C-C415-44B4-B19F-4923EFB4D3B0}.Debug|Any CPU.ActiveCfg = Debug|Any CPU
		{8D34A93C-C415-44B4-B19F-4923EFB4D3B0}.Debug|Any CPU.Build.0 = Debug|Any CPU
		{8D34A93C-C415-44B4-B19F-4923EFB4D3B0}.Release|Any CPU.ActiveCfg = Release|Any CPU
		{8D34A93C-C415-44B4-B19F-4923EFB4D3B0}.Release|Any CPU.Build.0 = Release|Any CPU
		{56322940-9720-4008-AA13-61B02D1BAF81}.Debug|Any CPU.ActiveCfg = Debug|Any CPU
		{56322940-9720-4008-AA13-61B02D1BAF81}.Debug|Any CPU.Build.0 = Debug|Any CPU
		{56322940-9720-4008-AA13-61B02D1BAF81}.Release|Any CPU.ActiveCfg = Release|Any CPU
		{56322940-9720-4008-AA13-61B02D1BAF81}.Release|Any CPU.Build.0 = Release|Any CPU
		{1B6248E8-4BC2-4929-8D9E-35FE1EA60D67}.Debug|Any CPU.ActiveCfg = Debug|Any CPU
		{1B6248E8-4BC2-4929-8D9E-35FE1EA60D67}.Debug|Any CPU.Build.0 = Debug|Any CPU
		{1B6248E8-4BC2-4929-8D9E-35FE1EA60D67}.Release|Any CPU.ActiveCfg = Release|Any CPU
		{1B6248E8-4BC2-4929-8D9E-35FE1EA60D67}.Release|Any CPU.Build.0 = Release|Any CPU
	EndGlobalSection
	GlobalSection(SolutionProperties) = preSolution
		HideSolutionNode = FALSE
	EndGlobalSection
	GlobalSection(ExtensibilityGlobals) = postSolution
		SolutionGuid = {62C736F2-4050-49FD-A7B6-498D27A08F1B}
	EndGlobalSection
EndGlobal
